// !$*UTF8*$!
{
	archiveVersion = 1;
	classes = {
	};
	objectVersion = 56;
	objects = {

/* Begin PBXBuildFile section */
		E24645ED2A07D20A008F9704 /* message.h in Headers */ = {isa = PBXBuildFile; fileRef = E24645EC2A07D20A008F9704 /* message.h */; };
		E24645EF2A07D20A008F9704 /* logger.h in Headers */ = {isa = PBXBuildFile; fileRef = E24645EE2A07D20A008F9704 /* logger.h */; };
		E24645F12A07D20A008F9704 /* message.cpp in Sources */ = {isa = PBXBuildFile; fileRef = E24645F02A07D20A008F9704 /* message.cpp */; };
		E24646012A07D402008F9704 /* types.cpp in Sources */ = {isa = PBXBuildFile; fileRef = E24645F92A07D402008F9704 /* types.cpp */; };
		E24646032A07D402008F9704 /* node.cpp in Sources */ = {isa = PBXBuildFile; fileRef = E24645FB2A07D402008F9704 /* node.cpp */; };
		E24646042A07D402008F9704 /* controller.h in Headers */ = {isa = PBXBuildFile; fileRef = E24645FC2A07D402008F9704 /* controller.h */; };
		E24646052A07D402008F9704 /* types.h in Headers */ = {isa = PBXBuildFile; fileRef = E24645FD2A07D402008F9704 /* types.h */; };
		E24646062A07D402008F9704 /* controller.cpp in Sources */ = {isa = PBXBuildFile; fileRef = E24645FE2A07D402008F9704 /* controller.cpp */; };
		E24646072A07D402008F9704 /* node.h in Headers */ = {isa = PBXBuildFile; fileRef = E24645FF2A07D402008F9704 /* node.h */; };
		E246460A2A07F064008F9704 /* network.cpp in Sources */ = {isa = PBXBuildFile; fileRef = E24646092A07F064008F9704 /* network.cpp */; };
		E246461E2A07F70A008F9704 /* test-button-node.cpp in Sources */ = {isa = PBXBuildFile; fileRef = E246461D2A07F70A008F9704 /* test-button-node.cpp */; };
		E24646232A07F743008F9704 /* libhome-link.a in Frameworks */ = {isa = PBXBuildFile; fileRef = E24645E92A07D20A008F9704 /* libhome-link.a */; };
		E24646262A07F743008F9704 /* libcpp-network.a in Frameworks */ = {isa = PBXBuildFile; fileRef = E24646122A07F6E6008F9704 /* libcpp-network.a */; };
		E246462E2A07FA20008F9704 /* test-link-controller.cpp in Sources */ = {isa = PBXBuildFile; fileRef = E246462D2A07FA20008F9704 /* test-link-controller.cpp */; };
		E24646322A07FB13008F9704 /* libhome-link.a in Frameworks */ = {isa = PBXBuildFile; fileRef = E24645E92A07D20A008F9704 /* libhome-link.a */; };
		E24646352A07FB13008F9704 /* libcpp-network.a in Frameworks */ = {isa = PBXBuildFile; fileRef = E24646122A07F6E6008F9704 /* libcpp-network.a */; };
/* End PBXBuildFile section */

/* Begin PBXContainerItemProxy section */
		E24646112A07F6E6008F9704 /* PBXContainerItemProxy */ = {
			isa = PBXContainerItemProxy;
			containerPortal = E246460B2A07F6E6008F9704 /* cpp-network.xcodeproj */;
			proxyType = 2;
			remoteGlobalIDString = E2D2B7C6293FB7140006ACA8;
			remoteInfo = "cpp-network";
		};
		E24646132A07F6E6008F9704 /* PBXContainerItemProxy */ = {
			isa = PBXContainerItemProxy;
			containerPortal = E246460B2A07F6E6008F9704 /* cpp-network.xcodeproj */;
			proxyType = 2;
			remoteGlobalIDString = E2D2B7EC293FBC4A0006ACA8;
			remoteInfo = "udp-server";
		};
		E24646152A07F6E6008F9704 /* PBXContainerItemProxy */ = {
			isa = PBXContainerItemProxy;
			containerPortal = E246460B2A07F6E6008F9704 /* cpp-network.xcodeproj */;
			proxyType = 2;
			remoteGlobalIDString = E2B389A129AFCC3100E35B26;
			remoteInfo = "udp-client";
		};
		E24646242A07F743008F9704 /* PBXContainerItemProxy */ = {
			isa = PBXContainerItemProxy;
			containerPortal = E24645E12A07D20A008F9704 /* Project object */;
			proxyType = 1;
			remoteGlobalIDString = E24645E82A07D20A008F9704;
			remoteInfo = "home-link";
		};
		E24646332A07FB13008F9704 /* PBXContainerItemProxy */ = {
			isa = PBXContainerItemProxy;
			containerPortal = E24645E12A07D20A008F9704 /* Project object */;
			proxyType = 1;
			remoteGlobalIDString = E24645E82A07D20A008F9704;
			remoteInfo = "home-link";
		};
/* End PBXContainerItemProxy section */

/* Begin PBXCopyFilesBuildPhase section */
		E24646192A07F70A008F9704 /* CopyFiles */ = {
			isa = PBXCopyFilesBuildPhase;
			buildActionMask = 2147483647;
			dstPath = /usr/share/man/man1/;
			dstSubfolderSpec = 0;
			files = (
			);
			runOnlyForDeploymentPostprocessing = 1;
		};
		E24646292A07FA20008F9704 /* CopyFiles */ = {
			isa = PBXCopyFilesBuildPhase;
			buildActionMask = 2147483647;
			dstPath = /usr/share/man/man1/;
			dstSubfolderSpec = 0;
			files = (
			);
			runOnlyForDeploymentPostprocessing = 1;
		};
/* End PBXCopyFilesBuildPhase section */

/* Begin PBXFileReference section */
		E24645E92A07D20A008F9704 /* libhome-link.a */ = {isa = PBXFileReference; explicitFileType = archive.ar; includeInIndex = 0; path = "libhome-link.a"; sourceTree = BUILT_PRODUCTS_DIR; };
		E24645EC2A07D20A008F9704 /* message.h */ = {isa = PBXFileReference; lastKnownFileType = sourcecode.c.h; path = message.h; sourceTree = "<group>"; };
		E24645EE2A07D20A008F9704 /* logger.h */ = {isa = PBXFileReference; lastKnownFileType = sourcecode.c.h; path = logger.h; sourceTree = "<group>"; };
		E24645F02A07D20A008F9704 /* message.cpp */ = {isa = PBXFileReference; lastKnownFileType = sourcecode.cpp.cpp; path = message.cpp; sourceTree = "<group>"; };
		E24645F72A07D2F2008F9704 /* map.h */ = {isa = PBXFileReference; lastKnownFileType = sourcecode.c.h; path = map.h; sourceTree = "<group>"; };
		E24645F92A07D402008F9704 /* types.cpp */ = {isa = PBXFileReference; fileEncoding = 4; lastKnownFileType = sourcecode.cpp.cpp; path = types.cpp; sourceTree = "<group>"; };
		E24645FB2A07D402008F9704 /* node.cpp */ = {isa = PBXFileReference; fileEncoding = 4; lastKnownFileType = sourcecode.cpp.cpp; path = node.cpp; sourceTree = "<group>"; };
		E24645FC2A07D402008F9704 /* controller.h */ = {isa = PBXFileReference; fileEncoding = 4; lastKnownFileType = sourcecode.c.h; path = controller.h; sourceTree = "<group>"; };
		E24645FD2A07D402008F9704 /* types.h */ = {isa = PBXFileReference; fileEncoding = 4; lastKnownFileType = sourcecode.c.h; path = types.h; sourceTree = "<group>"; };
		E24645FE2A07D402008F9704 /* controller.cpp */ = {isa = PBXFileReference; fileEncoding = 4; lastKnownFileType = sourcecode.cpp.cpp; path = controller.cpp; sourceTree = "<group>"; };
		E24645FF2A07D402008F9704 /* node.h */ = {isa = PBXFileReference; fileEncoding = 4; lastKnownFileType = sourcecode.c.h; path = node.h; sourceTree = "<group>"; };
		E24646082A07DE0D008F9704 /* network.h */ = {isa = PBXFileReference; lastKnownFileType = sourcecode.c.h; path = network.h; sourceTree = "<group>"; };
		E24646092A07F064008F9704 /* network.cpp */ = {isa = PBXFileReference; lastKnownFileType = sourcecode.cpp.cpp; path = network.cpp; sourceTree = "<group>"; };
		E246460B2A07F6E6008F9704 /* cpp-network.xcodeproj */ = {isa = PBXFileReference; lastKnownFileType = "wrapper.pb-project"; name = "cpp-network.xcodeproj"; path = "cpp-network/cpp-network.xcodeproj"; sourceTree = "<group>"; };
		E246461B2A07F70A008F9704 /* test-button-node */ = {isa = PBXFileReference; explicitFileType = "compiled.mach-o.executable"; includeInIndex = 0; path = "test-button-node"; sourceTree = BUILT_PRODUCTS_DIR; };
		E246461D2A07F70A008F9704 /* test-button-node.cpp */ = {isa = PBXFileReference; lastKnownFileType = sourcecode.cpp.cpp; path = "test-button-node.cpp"; sourceTree = "<group>"; };
		E246462B2A07FA20008F9704 /* test-link-controller */ = {isa = PBXFileReference; explicitFileType = "compiled.mach-o.executable"; includeInIndex = 0; path = "test-link-controller"; sourceTree = BUILT_PRODUCTS_DIR; };
		E246462D2A07FA20008F9704 /* test-link-controller.cpp */ = {isa = PBXFileReference; lastKnownFileType = sourcecode.cpp.cpp; path = "test-link-controller.cpp"; sourceTree = "<group>"; };
		E246463D2A0825AC008F9704 /* esp */ = {isa = PBXFileReference; lastKnownFileType = folder; path = esp; sourceTree = "<group>"; };
/* End PBXFileReference section */

/* Begin PBXFrameworksBuildPhase section */
		E24645E72A07D20A008F9704 /* Frameworks */ = {
			isa = PBXFrameworksBuildPhase;
			buildActionMask = 2147483647;
			files = (
			);
			runOnlyForDeploymentPostprocessing = 0;
		};
		E24646182A07F70A008F9704 /* Frameworks */ = {
			isa = PBXFrameworksBuildPhase;
			buildActionMask = 2147483647;
			files = (
				E24646262A07F743008F9704 /* libcpp-network.a in Frameworks */,
				E24646232A07F743008F9704 /* libhome-link.a in Frameworks */,
			);
			runOnlyForDeploymentPostprocessing = 0;
		};
		E24646282A07FA20008F9704 /* Frameworks */ = {
			isa = PBXFrameworksBuildPhase;
			buildActionMask = 2147483647;
			files = (
				E24646352A07FB13008F9704 /* libcpp-network.a in Frameworks */,
				E24646322A07FB13008F9704 /* libhome-link.a in Frameworks */,
			);
			runOnlyForDeploymentPostprocessing = 0;
		};
/* End PBXFrameworksBuildPhase section */

/* Begin PBXGroup section */
		E24645E02A07D20A008F9704 = {
			isa = PBXGroup;
			children = (
				E246463D2A0825AC008F9704 /* esp */,
				E246460B2A07F6E6008F9704 /* cpp-network.xcodeproj */,
				E24645EB2A07D20A008F9704 /* home-link */,
				E246461C2A07F70A008F9704 /* test-button-node */,
				E246462C2A07FA20008F9704 /* test-link-controller */,
				E24645EA2A07D20A008F9704 /* Products */,
				E24646222A07F743008F9704 /* Frameworks */,
			);
			sourceTree = "<group>";
		};
		E24645EA2A07D20A008F9704 /* Products */ = {
			isa = PBXGroup;
			children = (
				E24645E92A07D20A008F9704 /* libhome-link.a */,
				E246461B2A07F70A008F9704 /* test-button-node */,
				E246462B2A07FA20008F9704 /* test-link-controller */,
			);
			name = Products;
			sourceTree = "<group>";
		};
		E24645EB2A07D20A008F9704 /* home-link */ = {
			isa = PBXGroup;
			children = (
				E24645FE2A07D402008F9704 /* controller.cpp */,
				E24645FC2A07D402008F9704 /* controller.h */,
				E24645FB2A07D402008F9704 /* node.cpp */,
				E24645FF2A07D402008F9704 /* node.h */,
				E24645F92A07D402008F9704 /* types.cpp */,
				E24645FD2A07D402008F9704 /* types.h */,
				E24645EE2A07D20A008F9704 /* logger.h */,
				E24645F72A07D2F2008F9704 /* map.h */,
				E24645F02A07D20A008F9704 /* message.cpp */,
				E24645EC2A07D20A008F9704 /* message.h */,
				E24646082A07DE0D008F9704 /* network.h */,
				E24646092A07F064008F9704 /* network.cpp */,
			);
			path = "home-link";
			sourceTree = "<group>";
		};
		E246460C2A07F6E6008F9704 /* Products */ = {
			isa = PBXGroup;
			children = (
				E24646122A07F6E6008F9704 /* libcpp-network.a */,
				E24646142A07F6E6008F9704 /* udp-server */,
				E24646162A07F6E6008F9704 /* udp-client */,
			);
			name = Products;
			sourceTree = "<group>";
		};
		E246461C2A07F70A008F9704 /* test-button-node */ = {
			isa = PBXGroup;
			children = (
				E246461D2A07F70A008F9704 /* test-button-node.cpp */,
			);
			path = "test-button-node";
			sourceTree = "<group>";
		};
		E24646222A07F743008F9704 /* Frameworks */ = {
			isa = PBXGroup;
			children = (
			);
			name = Frameworks;
			sourceTree = "<group>";
		};
		E246462C2A07FA20008F9704 /* test-link-controller */ = {
			isa = PBXGroup;
			children = (
				E246462D2A07FA20008F9704 /* test-link-controller.cpp */,
			);
			path = "test-link-controller";
			sourceTree = "<group>";
		};
/* End PBXGroup section */

/* Begin PBXHeadersBuildPhase section */
		E24645E52A07D20A008F9704 /* Headers */ = {
			isa = PBXHeadersBuildPhase;
			buildActionMask = 2147483647;
			files = (
				E24646072A07D402008F9704 /* node.h in Headers */,
				E24645EF2A07D20A008F9704 /* logger.h in Headers */,
				E24645ED2A07D20A008F9704 /* message.h in Headers */,
				E24646042A07D402008F9704 /* controller.h in Headers */,
				E24646052A07D402008F9704 /* types.h in Headers */,
			);
			runOnlyForDeploymentPostprocessing = 0;
		};
/* End PBXHeadersBuildPhase section */

/* Begin PBXNativeTarget section */
		E24645E82A07D20A008F9704 /* home-link */ = {
			isa = PBXNativeTarget;
			buildConfigurationList = E24645F42A07D20A008F9704 /* Build configuration list for PBXNativeTarget "home-link" */;
			buildPhases = (
				E24645E52A07D20A008F9704 /* Headers */,
				E24645E62A07D20A008F9704 /* Sources */,
				E24645E72A07D20A008F9704 /* Frameworks */,
			);
			buildRules = (
			);
			dependencies = (
			);
			name = "home-link";
			productName = "home-link";
			productReference = E24645E92A07D20A008F9704 /* libhome-link.a */;
			productType = "com.apple.product-type.library.static";
		};
		E246461A2A07F70A008F9704 /* test-button-node */ = {
			isa = PBXNativeTarget;
			buildConfigurationList = E246461F2A07F70A008F9704 /* Build configuration list for PBXNativeTarget "test-button-node" */;
			buildPhases = (
				E24646172A07F70A008F9704 /* Sources */,
				E24646182A07F70A008F9704 /* Frameworks */,
				E24646192A07F70A008F9704 /* CopyFiles */,
			);
			buildRules = (
			);
			dependencies = (
				E24646252A07F743008F9704 /* PBXTargetDependency */,
			);
			name = "test-button-node";
			productName = "test-button-node";
			productReference = E246461B2A07F70A008F9704 /* test-button-node */;
			productType = "com.apple.product-type.tool";
		};
		E246462A2A07FA20008F9704 /* test-link-controller */ = {
			isa = PBXNativeTarget;
			buildConfigurationList = E246462F2A07FA20008F9704 /* Build configuration list for PBXNativeTarget "test-link-controller" */;
			buildPhases = (
				E24646272A07FA20008F9704 /* Sources */,
				E24646282A07FA20008F9704 /* Frameworks */,
				E24646292A07FA20008F9704 /* CopyFiles */,
			);
			buildRules = (
			);
			dependencies = (
				E24646342A07FB13008F9704 /* PBXTargetDependency */,
			);
			name = "test-link-controller";
			productName = "test-link-controller";
			productReference = E246462B2A07FA20008F9704 /* test-link-controller */;
			productType = "com.apple.product-type.tool";
		};
/* End PBXNativeTarget section */

/* Begin PBXProject section */
		E24645E12A07D20A008F9704 /* Project object */ = {
			isa = PBXProject;
			attributes = {
				BuildIndependentTargetsInParallel = 1;
				LastUpgradeCheck = 1430;
				TargetAttributes = {
					E24645E82A07D20A008F9704 = {
						CreatedOnToolsVersion = 14.3;
					};
					E246461A2A07F70A008F9704 = {
						CreatedOnToolsVersion = 14.3;
					};
					E246462A2A07FA20008F9704 = {
						CreatedOnToolsVersion = 14.3;
					};
				};
			};
			buildConfigurationList = E24645E42A07D20A008F9704 /* Build configuration list for PBXProject "home-link" */;
			compatibilityVersion = "Xcode 14.0";
			developmentRegion = en;
			hasScannedForEncodings = 0;
			knownRegions = (
				en,
				Base,
			);
			mainGroup = E24645E02A07D20A008F9704;
			productRefGroup = E24645EA2A07D20A008F9704 /* Products */;
			projectDirPath = "";
			projectReferences = (
				{
					ProductGroup = E246460C2A07F6E6008F9704 /* Products */;
					ProjectRef = E246460B2A07F6E6008F9704 /* cpp-network.xcodeproj */;
				},
			);
			projectRoot = "";
			targets = (
				E24645E82A07D20A008F9704 /* home-link */,
				E246461A2A07F70A008F9704 /* test-button-node */,
				E246462A2A07FA20008F9704 /* test-link-controller */,
			);
		};
/* End PBXProject section */

/* Begin PBXReferenceProxy section */
		E24646122A07F6E6008F9704 /* libcpp-network.a */ = {
			isa = PBXReferenceProxy;
			fileType = archive.ar;
			path = "libcpp-network.a";
			remoteRef = E24646112A07F6E6008F9704 /* PBXContainerItemProxy */;
			sourceTree = BUILT_PRODUCTS_DIR;
		};
		E24646142A07F6E6008F9704 /* udp-server */ = {
			isa = PBXReferenceProxy;
			fileType = "compiled.mach-o.executable";
			path = "udp-server";
			remoteRef = E24646132A07F6E6008F9704 /* PBXContainerItemProxy */;
			sourceTree = BUILT_PRODUCTS_DIR;
		};
		E24646162A07F6E6008F9704 /* udp-client */ = {
			isa = PBXReferenceProxy;
			fileType = "compiled.mach-o.executable";
			path = "udp-client";
			remoteRef = E24646152A07F6E6008F9704 /* PBXContainerItemProxy */;
			sourceTree = BUILT_PRODUCTS_DIR;
		};
/* End PBXReferenceProxy section */

/* Begin PBXSourcesBuildPhase section */
		E24645E62A07D20A008F9704 /* Sources */ = {
			isa = PBXSourcesBuildPhase;
			buildActionMask = 2147483647;
			files = (
				E24645F12A07D20A008F9704 /* message.cpp in Sources */,
				E246460A2A07F064008F9704 /* network.cpp in Sources */,
				E24646062A07D402008F9704 /* controller.cpp in Sources */,
				E24646012A07D402008F9704 /* types.cpp in Sources */,
				E24646032A07D402008F9704 /* node.cpp in Sources */,
			);
			runOnlyForDeploymentPostprocessing = 0;
		};
		E24646172A07F70A008F9704 /* Sources */ = {
			isa = PBXSourcesBuildPhase;
			buildActionMask = 2147483647;
			files = (
				E246461E2A07F70A008F9704 /* test-button-node.cpp in Sources */,
			);
			runOnlyForDeploymentPostprocessing = 0;
		};
		E24646272A07FA20008F9704 /* Sources */ = {
			isa = PBXSourcesBuildPhase;
			buildActionMask = 2147483647;
			files = (
				E246462E2A07FA20008F9704 /* test-link-controller.cpp in Sources */,
			);
			runOnlyForDeploymentPostprocessing = 0;
		};
/* End PBXSourcesBuildPhase section */

/* Begin PBXTargetDependency section */
		E24646252A07F743008F9704 /* PBXTargetDependency */ = {
			isa = PBXTargetDependency;
			target = E24645E82A07D20A008F9704 /* home-link */;
			targetProxy = E24646242A07F743008F9704 /* PBXContainerItemProxy */;
		};
		E24646342A07FB13008F9704 /* PBXTargetDependency */ = {
			isa = PBXTargetDependency;
			target = E24645E82A07D20A008F9704 /* home-link */;
			targetProxy = E24646332A07FB13008F9704 /* PBXContainerItemProxy */;
		};
/* End PBXTargetDependency section */

/* Begin XCBuildConfiguration section */
		E24645F22A07D20A008F9704 /* Debug */ = {
			isa = XCBuildConfiguration;
			buildSettings = {
				ALWAYS_SEARCH_USER_PATHS = NO;
				CLANG_ANALYZER_NONNULL = YES;
				CLANG_ANALYZER_NUMBER_OBJECT_CONVERSION = YES_AGGRESSIVE;
				CLANG_CXX_LANGUAGE_STANDARD = "c++20";
				CLANG_ENABLE_MODULES = YES;
				CLANG_ENABLE_OBJC_ARC = YES;
				CLANG_ENABLE_OBJC_WEAK = YES;
				CLANG_WARN_BLOCK_CAPTURE_AUTORELEASING = YES;
				CLANG_WARN_BOOL_CONVERSION = YES;
				CLANG_WARN_COMMA = YES;
				CLANG_WARN_CONSTANT_CONVERSION = YES;
				CLANG_WARN_DEPRECATED_OBJC_IMPLEMENTATIONS = YES;
				CLANG_WARN_DIRECT_OBJC_ISA_USAGE = YES_ERROR;
				CLANG_WARN_DOCUMENTATION_COMMENTS = YES;
				CLANG_WARN_EMPTY_BODY = YES;
				CLANG_WARN_ENUM_CONVERSION = YES;
				CLANG_WARN_INFINITE_RECURSION = YES;
				CLANG_WARN_INT_CONVERSION = YES;
				CLANG_WARN_NON_LITERAL_NULL_CONVERSION = YES;
				CLANG_WARN_OBJC_IMPLICIT_RETAIN_SELF = YES;
				CLANG_WARN_OBJC_LITERAL_CONVERSION = YES;
				CLANG_WARN_OBJC_ROOT_CLASS = YES_ERROR;
				CLANG_WARN_QUOTED_INCLUDE_IN_FRAMEWORK_HEADER = YES;
				CLANG_WARN_RANGE_LOOP_ANALYSIS = YES;
				CLANG_WARN_STRICT_PROTOTYPES = YES;
				CLANG_WARN_SUSPICIOUS_MOVE = YES;
				CLANG_WARN_UNGUARDED_AVAILABILITY = YES_AGGRESSIVE;
				CLANG_WARN_UNREACHABLE_CODE = YES;
				CLANG_WARN__DUPLICATE_METHOD_MATCH = YES;
				COPY_PHASE_STRIP = NO;
				DEBUG_INFORMATION_FORMAT = dwarf;
				ENABLE_STRICT_OBJC_MSGSEND = YES;
				ENABLE_TESTABILITY = YES;
				GCC_C_LANGUAGE_STANDARD = c11;
				GCC_DYNAMIC_NO_PIC = NO;
				GCC_NO_COMMON_BLOCKS = YES;
				GCC_OPTIMIZATION_LEVEL = 0;
				GCC_PREPROCESSOR_DEFINITIONS = (
					"DEBUG=1",
					"$(inherited)",
				);
				GCC_TREAT_WARNINGS_AS_ERRORS = YES;
				GCC_WARN_64_TO_32_BIT_CONVERSION = YES;
				GCC_WARN_ABOUT_RETURN_TYPE = YES_ERROR;
				GCC_WARN_PEDANTIC = YES;
				GCC_WARN_UNDECLARED_SELECTOR = YES;
				GCC_WARN_UNINITIALIZED_AUTOS = YES_AGGRESSIVE;
				GCC_WARN_UNUSED_FUNCTION = YES;
				GCC_WARN_UNUSED_VARIABLE = YES;
				MACOSX_DEPLOYMENT_TARGET = 13.3;
				MTL_ENABLE_DEBUG_INFO = INCLUDE_SOURCE;
				MTL_FAST_MATH = YES;
				ONLY_ACTIVE_ARCH = YES;
				SDKROOT = macosx;
			};
			name = Debug;
		};
		E24645F32A07D20A008F9704 /* Release */ = {
			isa = XCBuildConfiguration;
			buildSettings = {
				ALWAYS_SEARCH_USER_PATHS = NO;
				CLANG_ANALYZER_NONNULL = YES;
				CLANG_ANALYZER_NUMBER_OBJECT_CONVERSION = YES_AGGRESSIVE;
				CLANG_CXX_LANGUAGE_STANDARD = "c++20";
				CLANG_ENABLE_MODULES = YES;
				CLANG_ENABLE_OBJC_ARC = YES;
				CLANG_ENABLE_OBJC_WEAK = YES;
				CLANG_WARN_BLOCK_CAPTURE_AUTORELEASING = YES;
				CLANG_WARN_BOOL_CONVERSION = YES;
				CLANG_WARN_COMMA = YES;
				CLANG_WARN_CONSTANT_CONVERSION = YES;
				CLANG_WARN_DEPRECATED_OBJC_IMPLEMENTATIONS = YES;
				CLANG_WARN_DIRECT_OBJC_ISA_USAGE = YES_ERROR;
				CLANG_WARN_DOCUMENTATION_COMMENTS = YES;
				CLANG_WARN_EMPTY_BODY = YES;
				CLANG_WARN_ENUM_CONVERSION = YES;
				CLANG_WARN_INFINITE_RECURSION = YES;
				CLANG_WARN_INT_CONVERSION = YES;
				CLANG_WARN_NON_LITERAL_NULL_CONVERSION = YES;
				CLANG_WARN_OBJC_IMPLICIT_RETAIN_SELF = YES;
				CLANG_WARN_OBJC_LITERAL_CONVERSION = YES;
				CLANG_WARN_OBJC_ROOT_CLASS = YES_ERROR;
				CLANG_WARN_QUOTED_INCLUDE_IN_FRAMEWORK_HEADER = YES;
				CLANG_WARN_RANGE_LOOP_ANALYSIS = YES;
				CLANG_WARN_STRICT_PROTOTYPES = YES;
				CLANG_WARN_SUSPICIOUS_MOVE = YES;
				CLANG_WARN_UNGUARDED_AVAILABILITY = YES_AGGRESSIVE;
				CLANG_WARN_UNREACHABLE_CODE = YES;
				CLANG_WARN__DUPLICATE_METHOD_MATCH = YES;
				COPY_PHASE_STRIP = NO;
				DEBUG_INFORMATION_FORMAT = "dwarf-with-dsym";
				ENABLE_NS_ASSERTIONS = NO;
				ENABLE_STRICT_OBJC_MSGSEND = YES;
				GCC_C_LANGUAGE_STANDARD = c11;
				GCC_NO_COMMON_BLOCKS = YES;
				GCC_TREAT_WARNINGS_AS_ERRORS = YES;
				GCC_WARN_64_TO_32_BIT_CONVERSION = YES;
				GCC_WARN_ABOUT_RETURN_TYPE = YES_ERROR;
				GCC_WARN_PEDANTIC = YES;
				GCC_WARN_UNDECLARED_SELECTOR = YES;
				GCC_WARN_UNINITIALIZED_AUTOS = YES_AGGRESSIVE;
				GCC_WARN_UNUSED_FUNCTION = YES;
				GCC_WARN_UNUSED_VARIABLE = YES;
				MACOSX_DEPLOYMENT_TARGET = 13.3;
				MTL_ENABLE_DEBUG_INFO = NO;
				MTL_FAST_MATH = YES;
				SDKROOT = macosx;
			};
			name = Release;
		};
		E24645F52A07D20A008F9704 /* Debug */ = {
			isa = XCBuildConfiguration;
			buildSettings = {
				CODE_SIGN_STYLE = Automatic;
				DEVELOPMENT_TEAM = PPMKVT4765;
				EXECUTABLE_PREFIX = lib;
				GCC_ENABLE_CPP_EXCEPTIONS = YES;
				GCC_ENABLE_CPP_RTTI = YES;
				HEADER_SEARCH_PATHS = "cpp-network";
				PRODUCT_NAME = "$(TARGET_NAME)";
				SKIP_INSTALL = YES;
			};
			name = Debug;
		};
		E24645F62A07D20A008F9704 /* Release */ = {
			isa = XCBuildConfiguration;
			buildSettings = {
				CODE_SIGN_STYLE = Automatic;
				DEVELOPMENT_TEAM = PPMKVT4765;
				EXECUTABLE_PREFIX = lib;
				GCC_ENABLE_CPP_EXCEPTIONS = YES;
				GCC_ENABLE_CPP_RTTI = YES;
				HEADER_SEARCH_PATHS = "cpp-network";
				PRODUCT_NAME = "$(TARGET_NAME)";
				SKIP_INSTALL = YES;
			};
			name = Release;
		};
		E24646202A07F70A008F9704 /* Debug */ = {
			isa = XCBuildConfiguration;
			buildSettings = {
				CODE_SIGN_STYLE = Automatic;
				DEVELOPMENT_TEAM = PPMKVT4765;
				ENABLE_HARDENED_RUNTIME = YES;
				HEADER_SEARCH_PATHS = (
					.,
					"cpp-network",
				);
				PRODUCT_NAME = "$(TARGET_NAME)";
			};
			name = Debug;
		};
		E24646212A07F70A008F9704 /* Release */ = {
			isa = XCBuildConfiguration;
			buildSettings = {
				CODE_SIGN_STYLE = Automatic;
				DEVELOPMENT_TEAM = PPMKVT4765;
				ENABLE_HARDENED_RUNTIME = YES;
				HEADER_SEARCH_PATHS = (
					.,
					"cpp-network",
				);
				PRODUCT_NAME = "$(TARGET_NAME)";
			};
			name = Release;
		};
		E24646302A07FA20008F9704 /* Debug */ = {
			isa = XCBuildConfiguration;
			buildSettings = {
				CODE_SIGN_STYLE = Automatic;
				DEVELOPMENT_TEAM = PPMKVT4765;
				ENABLE_HARDENED_RUNTIME = YES;
				HEADER_SEARCH_PATHS = (
					.,
					"cpp-network",
				);
				PRODUCT_NAME = "$(TARGET_NAME)";
			};
			name = Debug;
		};
		E24646312A07FA20008F9704 /* Release */ = {
			isa = XCBuildConfiguration;
			buildSettings = {
				CODE_SIGN_STYLE = Automatic;
				DEVELOPMENT_TEAM = PPMKVT4765;
				ENABLE_HARDENED_RUNTIME = YES;
				HEADER_SEARCH_PATHS = (
					.,
					"cpp-network",
				);
				PRODUCT_NAME = "$(TARGET_NAME)";
			};
			name = Release;
		};
/* End XCBuildConfiguration section */

/* Begin XCConfigurationList section */
		E24645E42A07D20A008F9704 /* Build configuration list for PBXProject "home-link" */ = {
			isa = XCConfigurationList;
			buildConfigurations = (
				E24645F22A07D20A008F9704 /* Debug */,
				E24645F32A07D20A008F9704 /* Release */,
			);
			defaultConfigurationIsVisible = 0;
			defaultConfigurationName = Release;
		};
		E24645F42A07D20A008F9704 /* Build configuration list for PBXNativeTarget "home-link" */ = {
			isa = XCConfigurationList;
			buildConfigurations = (
				E24645F52A07D20A008F9704 /* Debug */,
				E24645F62A07D20A008F9704 /* Release */,
			);
			defaultConfigurationIsVisible = 0;
			defaultConfigurationName = Release;
		};
		E246461F2A07F70A008F9704 /* Build configuration list for PBXNativeTarget "test-button-node" */ = {
			isa = XCConfigurationList;
			buildConfigurations = (
				E24646202A07F70A008F9704 /* Debug */,
				E24646212A07F70A008F9704 /* Release */,
			);
			defaultConfigurationIsVisible = 0;
			defaultConfigurationName = Release;
		};
		E246462F2A07FA20008F9704 /* Build configuration list for PBXNativeTarget "test-link-controller" */ = {
			isa = XCConfigurationList;
			buildConfigurations = (
				E24646302A07FA20008F9704 /* Debug */,
				E24646312A07FA20008F9704 /* Release */,
			);
			defaultConfigurationIsVisible = 0;
			defaultConfigurationName = Release;
		};
/* End XCConfigurationList section */
	};
	rootObject = E24645E12A07D20A008F9704 /* Project object */;
}
